
Microsoft Visual Studio Solution File, Format Version 12.00
# Visual Studio 15
VisualStudioVersion = 15.0.28307.168
MinimumVisualStudioVersion = 10.0.40219.1
Project("{8BC9CEB8-8B4A-11D0-8D11-00A0C91BC942}") = "P1192 台阶问题", "P1192 台阶问题\P1192 台阶问题.vcxproj", "{05C9EFF3-8096-4259-BAA5-C0C5A04E5B43}"
EndProject
Global
	GlobalSection(SolutionConfigurationPlatforms) = preSolution
		Debug|x64 = Debug|x64
		Debug|x86 = Debug|x86
		Release|x64 = Release|x64
		Release|x86 = Release|x86
	EndGlobalSection
	GlobalSection(ProjectConfigurationPlatforms) = postSolution
		{05C9EFF3-8096-4259-BAA5-C0C5A04E5B43}.Debug|x64.ActiveCfg = Debug|x64
		{05C9EFF3-8096-4259-BAA5-C0C5A04E5B43}.Debug|x64.Build.0 = Debug|x64
		{05C9EFF3-8096-4259-BAA5-C0C5A04E5B43}.Debug|x86.ActiveCfg = Debug|Win32
		{05C9EFF3-8096-4259-BAA5-C0C5A04E5B43}.Debug|x86.Build.0 = Debug|Win32
		{05C9EFF3-8096-4259-BAA5-C0C5A04E5B43}.Release|x64.ActiveCfg = Release|x64
		{05C9EFF3-8096-4259-BAA5-C0C5A04E5B43}.Release|x64.Build.0 = Release|x64
		{05C9EFF3-8096-4259-BAA5-C0C5A04E5B43}.Release|x86.ActiveCfg = Release|Win32
		{05C9EFF3-8096-4259-BAA5-C0C5A04E5B43}.Release|x86.Build.0 = Release|Win32
	EndGlobalSection
	GlobalSection(SolutionProperties) = preSolution
		HideSolutionNode = FALSE
	EndGlobalSection
	GlobalSection(ExtensibilityGlobals) = postSolution
		SolutionGuid = {23387117-04F6-40AE-B345-440AF3D2CFE8}
	EndGlobalSection
EndGlobal
