
Microsoft Visual Studio Solution File, Format Version 12.00
# Visual Studio 15
VisualStudioVersion = 15.0.28307.168
MinimumVisualStudioVersion = 10.0.40219.1
Project("{8BC9CEB8-8B4A-11D0-8D11-00A0C91BC942}") = "P1220 关路灯", "P1220 关路灯\P1220 关路灯.vcxproj", "{8442A4FD-2C98-4795-8288-80361C82A8EF}"
EndProject
Global
	GlobalSection(SolutionConfigurationPlatforms) = preSolution
		Debug|x64 = Debug|x64
		Debug|x86 = Debug|x86
		Release|x64 = Release|x64
		Release|x86 = Release|x86
	EndGlobalSection
	GlobalSection(ProjectConfigurationPlatforms) = postSolution
		{8442A4FD-2C98-4795-8288-80361C82A8EF}.Debug|x64.ActiveCfg = Debug|x64
		{8442A4FD-2C98-4795-8288-80361C82A8EF}.Debug|x64.Build.0 = Debug|x64
		{8442A4FD-2C98-4795-8288-80361C82A8EF}.Debug|x86.ActiveCfg = Debug|Win32
		{8442A4FD-2C98-4795-8288-80361C82A8EF}.Debug|x86.Build.0 = Debug|Win32
		{8442A4FD-2C98-4795-8288-80361C82A8EF}.Release|x64.ActiveCfg = Release|x64
		{8442A4FD-2C98-4795-8288-80361C82A8EF}.Release|x64.Build.0 = Release|x64
		{8442A4FD-2C98-4795-8288-80361C82A8EF}.Release|x86.ActiveCfg = Release|Win32
		{8442A4FD-2C98-4795-8288-80361C82A8EF}.Release|x86.Build.0 = Release|Win32
	EndGlobalSection
	GlobalSection(SolutionProperties) = preSolution
		HideSolutionNode = FALSE
	EndGlobalSection
	GlobalSection(ExtensibilityGlobals) = postSolution
		SolutionGuid = {E32CE5FE-643D-4AAF-B9F2-AF62D56A0616}
	EndGlobalSection
EndGlobal
