
Microsoft Visual Studio Solution File, Format Version 12.00
# Visual Studio 15
VisualStudioVersion = 15.0.28307.168
MinimumVisualStudioVersion = 10.0.40219.1
Project("{8BC9CEB8-8B4A-11D0-8D11-00A0C91BC942}") = "P1010 幂次方", "P1010 幂次方\P1010 幂次方.vcxproj", "{F2E889B7-EF24-4790-AA7F-DA3865D1C4CD}"
EndProject
Global
	GlobalSection(SolutionConfigurationPlatforms) = preSolution
		Debug|x64 = Debug|x64
		Debug|x86 = Debug|x86
		Release|x64 = Release|x64
		Release|x86 = Release|x86
	EndGlobalSection
	GlobalSection(ProjectConfigurationPlatforms) = postSolution
		{F2E889B7-EF24-4790-AA7F-DA3865D1C4CD}.Debug|x64.ActiveCfg = Debug|x64
		{F2E889B7-EF24-4790-AA7F-DA3865D1C4CD}.Debug|x64.Build.0 = Debug|x64
		{F2E889B7-EF24-4790-AA7F-DA3865D1C4CD}.Debug|x86.ActiveCfg = Debug|Win32
		{F2E889B7-EF24-4790-AA7F-DA3865D1C4CD}.Debug|x86.Build.0 = Debug|Win32
		{F2E889B7-EF24-4790-AA7F-DA3865D1C4CD}.Release|x64.ActiveCfg = Release|x64
		{F2E889B7-EF24-4790-AA7F-DA3865D1C4CD}.Release|x64.Build.0 = Release|x64
		{F2E889B7-EF24-4790-AA7F-DA3865D1C4CD}.Release|x86.ActiveCfg = Release|Win32
		{F2E889B7-EF24-4790-AA7F-DA3865D1C4CD}.Release|x86.Build.0 = Release|Win32
	EndGlobalSection
	GlobalSection(SolutionProperties) = preSolution
		HideSolutionNode = FALSE
	EndGlobalSection
	GlobalSection(ExtensibilityGlobals) = postSolution
		SolutionGuid = {CE5B12BA-F707-4CFD-A8D3-3D4294FF116E}
	EndGlobalSection
EndGlobal
