
Microsoft Visual Studio Solution File, Format Version 12.00
# Visual Studio 15
VisualStudioVersion = 15.0.28307.168
MinimumVisualStudioVersion = 10.0.40219.1
Project("{8BC9CEB8-8B4A-11D0-8D11-00A0C91BC942}") = "P1908 逆序对", "P1908 逆序对\P1908 逆序对.vcxproj", "{70567714-0DED-4776-991B-7E5F58BC644B}"
EndProject
Global
	GlobalSection(SolutionConfigurationPlatforms) = preSolution
		Debug|x64 = Debug|x64
		Debug|x86 = Debug|x86
		Release|x64 = Release|x64
		Release|x86 = Release|x86
	EndGlobalSection
	GlobalSection(ProjectConfigurationPlatforms) = postSolution
		{70567714-0DED-4776-991B-7E5F58BC644B}.Debug|x64.ActiveCfg = Debug|x64
		{70567714-0DED-4776-991B-7E5F58BC644B}.Debug|x64.Build.0 = Debug|x64
		{70567714-0DED-4776-991B-7E5F58BC644B}.Debug|x86.ActiveCfg = Debug|Win32
		{70567714-0DED-4776-991B-7E5F58BC644B}.Debug|x86.Build.0 = Debug|Win32
		{70567714-0DED-4776-991B-7E5F58BC644B}.Release|x64.ActiveCfg = Release|x64
		{70567714-0DED-4776-991B-7E5F58BC644B}.Release|x64.Build.0 = Release|x64
		{70567714-0DED-4776-991B-7E5F58BC644B}.Release|x86.ActiveCfg = Release|Win32
		{70567714-0DED-4776-991B-7E5F58BC644B}.Release|x86.Build.0 = Release|Win32
	EndGlobalSection
	GlobalSection(SolutionProperties) = preSolution
		HideSolutionNode = FALSE
	EndGlobalSection
	GlobalSection(ExtensibilityGlobals) = postSolution
		SolutionGuid = {B713DBBE-F5A8-4E00-8EEB-3555C16B61A3}
	EndGlobalSection
EndGlobal
