
Microsoft Visual Studio Solution File, Format Version 12.00
# Visual Studio 15
VisualStudioVersion = 15.0.28307.168
MinimumVisualStudioVersion = 10.0.40219.1
Project("{8BC9CEB8-8B4A-11D0-8D11-00A0C91BC942}") = "P1739 表达式括号匹配", "P1739 表达式括号匹配\P1739 表达式括号匹配.vcxproj", "{0F11A692-8711-4620-B86E-FA4D945121C6}"
EndProject
Global
	GlobalSection(SolutionConfigurationPlatforms) = preSolution
		Debug|x64 = Debug|x64
		Debug|x86 = Debug|x86
		Release|x64 = Release|x64
		Release|x86 = Release|x86
	EndGlobalSection
	GlobalSection(ProjectConfigurationPlatforms) = postSolution
		{0F11A692-8711-4620-B86E-FA4D945121C6}.Debug|x64.ActiveCfg = Debug|x64
		{0F11A692-8711-4620-B86E-FA4D945121C6}.Debug|x64.Build.0 = Debug|x64
		{0F11A692-8711-4620-B86E-FA4D945121C6}.Debug|x86.ActiveCfg = Debug|Win32
		{0F11A692-8711-4620-B86E-FA4D945121C6}.Debug|x86.Build.0 = Debug|Win32
		{0F11A692-8711-4620-B86E-FA4D945121C6}.Release|x64.ActiveCfg = Release|x64
		{0F11A692-8711-4620-B86E-FA4D945121C6}.Release|x64.Build.0 = Release|x64
		{0F11A692-8711-4620-B86E-FA4D945121C6}.Release|x86.ActiveCfg = Release|Win32
		{0F11A692-8711-4620-B86E-FA4D945121C6}.Release|x86.Build.0 = Release|Win32
	EndGlobalSection
	GlobalSection(SolutionProperties) = preSolution
		HideSolutionNode = FALSE
	EndGlobalSection
	GlobalSection(ExtensibilityGlobals) = postSolution
		SolutionGuid = {B4133522-7A1D-46A9-9EC3-8522871D8C21}
	EndGlobalSection
EndGlobal
