
Microsoft Visual Studio Solution File, Format Version 12.00
# Visual Studio 15
VisualStudioVersion = 15.0.28307.168
MinimumVisualStudioVersion = 10.0.40219.1
Project("{8BC9CEB8-8B4A-11D0-8D11-00A0C91BC942}") = "P1135 奇怪的电梯", "P1135 奇怪的电梯\P1135 奇怪的电梯.vcxproj", "{C747ABD3-92B7-421F-8574-2C05E33D60A2}"
EndProject
Global
	GlobalSection(SolutionConfigurationPlatforms) = preSolution
		Debug|x64 = Debug|x64
		Debug|x86 = Debug|x86
		Release|x64 = Release|x64
		Release|x86 = Release|x86
	EndGlobalSection
	GlobalSection(ProjectConfigurationPlatforms) = postSolution
		{C747ABD3-92B7-421F-8574-2C05E33D60A2}.Debug|x64.ActiveCfg = Debug|x64
		{C747ABD3-92B7-421F-8574-2C05E33D60A2}.Debug|x64.Build.0 = Debug|x64
		{C747ABD3-92B7-421F-8574-2C05E33D60A2}.Debug|x86.ActiveCfg = Debug|Win32
		{C747ABD3-92B7-421F-8574-2C05E33D60A2}.Debug|x86.Build.0 = Debug|Win32
		{C747ABD3-92B7-421F-8574-2C05E33D60A2}.Release|x64.ActiveCfg = Release|x64
		{C747ABD3-92B7-421F-8574-2C05E33D60A2}.Release|x64.Build.0 = Release|x64
		{C747ABD3-92B7-421F-8574-2C05E33D60A2}.Release|x86.ActiveCfg = Release|Win32
		{C747ABD3-92B7-421F-8574-2C05E33D60A2}.Release|x86.Build.0 = Release|Win32
	EndGlobalSection
	GlobalSection(SolutionProperties) = preSolution
		HideSolutionNode = FALSE
	EndGlobalSection
	GlobalSection(ExtensibilityGlobals) = postSolution
		SolutionGuid = {A6FA13B3-E132-4A9A-A877-2D8C705C8DB1}
	EndGlobalSection
EndGlobal
