
Microsoft Visual Studio Solution File, Format Version 12.00
# Visual Studio 15
VisualStudioVersion = 15.0.28307.168
MinimumVisualStudioVersion = 10.0.40219.1
Project("{8BC9CEB8-8B4A-11D0-8D11-00A0C91BC942}") = "P1142 01迷宫", "P1142 01迷宫\P1142 01迷宫.vcxproj", "{8B75A45B-F318-410C-A81F-E81560702A07}"
EndProject
Global
	GlobalSection(SolutionConfigurationPlatforms) = preSolution
		Debug|x64 = Debug|x64
		Debug|x86 = Debug|x86
		Release|x64 = Release|x64
		Release|x86 = Release|x86
	EndGlobalSection
	GlobalSection(ProjectConfigurationPlatforms) = postSolution
		{8B75A45B-F318-410C-A81F-E81560702A07}.Debug|x64.ActiveCfg = Debug|x64
		{8B75A45B-F318-410C-A81F-E81560702A07}.Debug|x64.Build.0 = Debug|x64
		{8B75A45B-F318-410C-A81F-E81560702A07}.Debug|x86.ActiveCfg = Debug|Win32
		{8B75A45B-F318-410C-A81F-E81560702A07}.Debug|x86.Build.0 = Debug|Win32
		{8B75A45B-F318-410C-A81F-E81560702A07}.Release|x64.ActiveCfg = Release|x64
		{8B75A45B-F318-410C-A81F-E81560702A07}.Release|x64.Build.0 = Release|x64
		{8B75A45B-F318-410C-A81F-E81560702A07}.Release|x86.ActiveCfg = Release|Win32
		{8B75A45B-F318-410C-A81F-E81560702A07}.Release|x86.Build.0 = Release|Win32
	EndGlobalSection
	GlobalSection(SolutionProperties) = preSolution
		HideSolutionNode = FALSE
	EndGlobalSection
	GlobalSection(ExtensibilityGlobals) = postSolution
		SolutionGuid = {21D8E2C4-E940-4981-9C04-2B632C2DBB77}
	EndGlobalSection
EndGlobal
