
Microsoft Visual Studio Solution File, Format Version 12.00
# Visual Studio 15
VisualStudioVersion = 15.0.28307.168
MinimumVisualStudioVersion = 10.0.40219.1
Project("{8BC9CEB8-8B4A-11D0-8D11-00A0C91BC942}") = "P1541 乌龟棋", "P1541 乌龟棋\P1541 乌龟棋.vcxproj", "{30DAC408-BD1C-46FF-AEDC-18D54CB19E47}"
EndProject
Global
	GlobalSection(SolutionConfigurationPlatforms) = preSolution
		Debug|x64 = Debug|x64
		Debug|x86 = Debug|x86
		Release|x64 = Release|x64
		Release|x86 = Release|x86
	EndGlobalSection
	GlobalSection(ProjectConfigurationPlatforms) = postSolution
		{30DAC408-BD1C-46FF-AEDC-18D54CB19E47}.Debug|x64.ActiveCfg = Debug|x64
		{30DAC408-BD1C-46FF-AEDC-18D54CB19E47}.Debug|x64.Build.0 = Debug|x64
		{30DAC408-BD1C-46FF-AEDC-18D54CB19E47}.Debug|x86.ActiveCfg = Debug|Win32
		{30DAC408-BD1C-46FF-AEDC-18D54CB19E47}.Debug|x86.Build.0 = Debug|Win32
		{30DAC408-BD1C-46FF-AEDC-18D54CB19E47}.Release|x64.ActiveCfg = Release|x64
		{30DAC408-BD1C-46FF-AEDC-18D54CB19E47}.Release|x64.Build.0 = Release|x64
		{30DAC408-BD1C-46FF-AEDC-18D54CB19E47}.Release|x86.ActiveCfg = Release|Win32
		{30DAC408-BD1C-46FF-AEDC-18D54CB19E47}.Release|x86.Build.0 = Release|Win32
	EndGlobalSection
	GlobalSection(SolutionProperties) = preSolution
		HideSolutionNode = FALSE
	EndGlobalSection
	GlobalSection(ExtensibilityGlobals) = postSolution
		SolutionGuid = {5BBDF2E9-9135-47BD-93BE-62783AA525FA}
	EndGlobalSection
EndGlobal
