
Microsoft Visual Studio Solution File, Format Version 12.00
# Visual Studio 15
VisualStudioVersion = 15.0.28307.168
MinimumVisualStudioVersion = 10.0.40219.1
Project("{8BC9CEB8-8B4A-11D0-8D11-00A0C91BC942}") = "P4722 【模板】最大流 加强版 预流推进", "P4722 【模板】最大流 加强版 预流推进\P4722 【模板】最大流 加强版 预流推进.vcxproj", "{93DC909E-C579-4976-801F-E79DD14E6B19}"
EndProject
Global
	GlobalSection(SolutionConfigurationPlatforms) = preSolution
		Debug|x64 = Debug|x64
		Debug|x86 = Debug|x86
		Release|x64 = Release|x64
		Release|x86 = Release|x86
	EndGlobalSection
	GlobalSection(ProjectConfigurationPlatforms) = postSolution
		{93DC909E-C579-4976-801F-E79DD14E6B19}.Debug|x64.ActiveCfg = Debug|x64
		{93DC909E-C579-4976-801F-E79DD14E6B19}.Debug|x64.Build.0 = Debug|x64
		{93DC909E-C579-4976-801F-E79DD14E6B19}.Debug|x86.ActiveCfg = Debug|Win32
		{93DC909E-C579-4976-801F-E79DD14E6B19}.Debug|x86.Build.0 = Debug|Win32
		{93DC909E-C579-4976-801F-E79DD14E6B19}.Release|x64.ActiveCfg = Release|x64
		{93DC909E-C579-4976-801F-E79DD14E6B19}.Release|x64.Build.0 = Release|x64
		{93DC909E-C579-4976-801F-E79DD14E6B19}.Release|x86.ActiveCfg = Release|Win32
		{93DC909E-C579-4976-801F-E79DD14E6B19}.Release|x86.Build.0 = Release|Win32
	EndGlobalSection
	GlobalSection(SolutionProperties) = preSolution
		HideSolutionNode = FALSE
	EndGlobalSection
	GlobalSection(ExtensibilityGlobals) = postSolution
		SolutionGuid = {510D025C-5E4F-4C06-95F9-4F0267DBB425}
	EndGlobalSection
EndGlobal
