
Microsoft Visual Studio Solution File, Format Version 12.00
# Visual Studio 15
VisualStudioVersion = 15.0.28307.168
MinimumVisualStudioVersion = 10.0.40219.1
Project("{8BC9CEB8-8B4A-11D0-8D11-00A0C91BC942}") = "P1865 A_B Problem", "P1865 A_B Problem\P1865 A_B Problem.vcxproj", "{05D0043E-7A2A-46E9-9E0F-E1695AF0EE98}"
EndProject
Global
	GlobalSection(SolutionConfigurationPlatforms) = preSolution
		Debug|x64 = Debug|x64
		Debug|x86 = Debug|x86
		Release|x64 = Release|x64
		Release|x86 = Release|x86
	EndGlobalSection
	GlobalSection(ProjectConfigurationPlatforms) = postSolution
		{05D0043E-7A2A-46E9-9E0F-E1695AF0EE98}.Debug|x64.ActiveCfg = Debug|x64
		{05D0043E-7A2A-46E9-9E0F-E1695AF0EE98}.Debug|x64.Build.0 = Debug|x64
		{05D0043E-7A2A-46E9-9E0F-E1695AF0EE98}.Debug|x86.ActiveCfg = Debug|Win32
		{05D0043E-7A2A-46E9-9E0F-E1695AF0EE98}.Debug|x86.Build.0 = Debug|Win32
		{05D0043E-7A2A-46E9-9E0F-E1695AF0EE98}.Release|x64.ActiveCfg = Release|x64
		{05D0043E-7A2A-46E9-9E0F-E1695AF0EE98}.Release|x64.Build.0 = Release|x64
		{05D0043E-7A2A-46E9-9E0F-E1695AF0EE98}.Release|x86.ActiveCfg = Release|Win32
		{05D0043E-7A2A-46E9-9E0F-E1695AF0EE98}.Release|x86.Build.0 = Release|Win32
	EndGlobalSection
	GlobalSection(SolutionProperties) = preSolution
		HideSolutionNode = FALSE
	EndGlobalSection
	GlobalSection(ExtensibilityGlobals) = postSolution
		SolutionGuid = {A4DF4B28-1A06-477E-98A9-26133EE39A5E}
	EndGlobalSection
EndGlobal
