
Microsoft Visual Studio Solution File, Format Version 12.00
# Visual Studio 15
VisualStudioVersion = 15.0.28307.168
MinimumVisualStudioVersion = 10.0.40219.1
Project("{8BC9CEB8-8B4A-11D0-8D11-00A0C91BC942}") = "P1338 末日的传说", "P1338 末日的传说\P1338 末日的传说.vcxproj", "{81150982-6283-431B-A0EF-95690A885904}"
EndProject
Global
	GlobalSection(SolutionConfigurationPlatforms) = preSolution
		Debug|x64 = Debug|x64
		Debug|x86 = Debug|x86
		Release|x64 = Release|x64
		Release|x86 = Release|x86
	EndGlobalSection
	GlobalSection(ProjectConfigurationPlatforms) = postSolution
		{81150982-6283-431B-A0EF-95690A885904}.Debug|x64.ActiveCfg = Debug|x64
		{81150982-6283-431B-A0EF-95690A885904}.Debug|x64.Build.0 = Debug|x64
		{81150982-6283-431B-A0EF-95690A885904}.Debug|x86.ActiveCfg = Debug|Win32
		{81150982-6283-431B-A0EF-95690A885904}.Debug|x86.Build.0 = Debug|Win32
		{81150982-6283-431B-A0EF-95690A885904}.Release|x64.ActiveCfg = Release|x64
		{81150982-6283-431B-A0EF-95690A885904}.Release|x64.Build.0 = Release|x64
		{81150982-6283-431B-A0EF-95690A885904}.Release|x86.ActiveCfg = Release|Win32
		{81150982-6283-431B-A0EF-95690A885904}.Release|x86.Build.0 = Release|Win32
	EndGlobalSection
	GlobalSection(SolutionProperties) = preSolution
		HideSolutionNode = FALSE
	EndGlobalSection
	GlobalSection(ExtensibilityGlobals) = postSolution
		SolutionGuid = {5237D0A7-488D-4070-B8CB-F9AE0DBD7E76}
	EndGlobalSection
EndGlobal
