
Microsoft Visual Studio Solution File, Format Version 12.00
# Visual Studio 15
VisualStudioVersion = 15.0.28307.168
MinimumVisualStudioVersion = 10.0.40219.1
Project("{8BC9CEB8-8B4A-11D0-8D11-00A0C91BC942}") = "P1063 能量项链", "P1063 能量项链\P1063 能量项链.vcxproj", "{1531DED3-B926-4FCD-A287-AE3223AD9732}"
EndProject
Global
	GlobalSection(SolutionConfigurationPlatforms) = preSolution
		Debug|x64 = Debug|x64
		Debug|x86 = Debug|x86
		Release|x64 = Release|x64
		Release|x86 = Release|x86
	EndGlobalSection
	GlobalSection(ProjectConfigurationPlatforms) = postSolution
		{1531DED3-B926-4FCD-A287-AE3223AD9732}.Debug|x64.ActiveCfg = Debug|x64
		{1531DED3-B926-4FCD-A287-AE3223AD9732}.Debug|x64.Build.0 = Debug|x64
		{1531DED3-B926-4FCD-A287-AE3223AD9732}.Debug|x86.ActiveCfg = Debug|Win32
		{1531DED3-B926-4FCD-A287-AE3223AD9732}.Debug|x86.Build.0 = Debug|Win32
		{1531DED3-B926-4FCD-A287-AE3223AD9732}.Release|x64.ActiveCfg = Release|x64
		{1531DED3-B926-4FCD-A287-AE3223AD9732}.Release|x64.Build.0 = Release|x64
		{1531DED3-B926-4FCD-A287-AE3223AD9732}.Release|x86.ActiveCfg = Release|Win32
		{1531DED3-B926-4FCD-A287-AE3223AD9732}.Release|x86.Build.0 = Release|Win32
	EndGlobalSection
	GlobalSection(SolutionProperties) = preSolution
		HideSolutionNode = FALSE
	EndGlobalSection
	GlobalSection(ExtensibilityGlobals) = postSolution
		SolutionGuid = {22867BEC-6645-4A8C-869B-7FCF19CB926A}
	EndGlobalSection
EndGlobal
