
Microsoft Visual Studio Solution File, Format Version 12.00
# Visual Studio 15
VisualStudioVersion = 15.0.28307.168
MinimumVisualStudioVersion = 10.0.40219.1
Project("{8BC9CEB8-8B4A-11D0-8D11-00A0C91BC942}") = "P1030 求先序排列", "P1030 求先序排列\P1030 求先序排列.vcxproj", "{B17C29AE-C509-4AE8-A10B-D8EC835B6798}"
EndProject
Global
	GlobalSection(SolutionConfigurationPlatforms) = preSolution
		Debug|x64 = Debug|x64
		Debug|x86 = Debug|x86
		Release|x64 = Release|x64
		Release|x86 = Release|x86
	EndGlobalSection
	GlobalSection(ProjectConfigurationPlatforms) = postSolution
		{B17C29AE-C509-4AE8-A10B-D8EC835B6798}.Debug|x64.ActiveCfg = Debug|x64
		{B17C29AE-C509-4AE8-A10B-D8EC835B6798}.Debug|x64.Build.0 = Debug|x64
		{B17C29AE-C509-4AE8-A10B-D8EC835B6798}.Debug|x86.ActiveCfg = Debug|Win32
		{B17C29AE-C509-4AE8-A10B-D8EC835B6798}.Debug|x86.Build.0 = Debug|Win32
		{B17C29AE-C509-4AE8-A10B-D8EC835B6798}.Release|x64.ActiveCfg = Release|x64
		{B17C29AE-C509-4AE8-A10B-D8EC835B6798}.Release|x64.Build.0 = Release|x64
		{B17C29AE-C509-4AE8-A10B-D8EC835B6798}.Release|x86.ActiveCfg = Release|Win32
		{B17C29AE-C509-4AE8-A10B-D8EC835B6798}.Release|x86.Build.0 = Release|Win32
	EndGlobalSection
	GlobalSection(SolutionProperties) = preSolution
		HideSolutionNode = FALSE
	EndGlobalSection
	GlobalSection(ExtensibilityGlobals) = postSolution
		SolutionGuid = {D6AAD431-AEAD-4E8A-B1BD-71C1FC0F9BB3}
	EndGlobalSection
EndGlobal
