
Microsoft Visual Studio Solution File, Format Version 12.00
# Visual Studio 15
VisualStudioVersion = 15.0.28307.168
MinimumVisualStudioVersion = 10.0.40219.1
Project("{8BC9CEB8-8B4A-11D0-8D11-00A0C91BC942}") = "P1306 斐波那契公约数", "P1306 斐波那契公约数\P1306 斐波那契公约数.vcxproj", "{D482019D-8553-4955-BE57-7067C9BE0A84}"
EndProject
Global
	GlobalSection(SolutionConfigurationPlatforms) = preSolution
		Debug|x64 = Debug|x64
		Debug|x86 = Debug|x86
		Release|x64 = Release|x64
		Release|x86 = Release|x86
	EndGlobalSection
	GlobalSection(ProjectConfigurationPlatforms) = postSolution
		{D482019D-8553-4955-BE57-7067C9BE0A84}.Debug|x64.ActiveCfg = Debug|x64
		{D482019D-8553-4955-BE57-7067C9BE0A84}.Debug|x64.Build.0 = Debug|x64
		{D482019D-8553-4955-BE57-7067C9BE0A84}.Debug|x86.ActiveCfg = Debug|Win32
		{D482019D-8553-4955-BE57-7067C9BE0A84}.Debug|x86.Build.0 = Debug|Win32
		{D482019D-8553-4955-BE57-7067C9BE0A84}.Release|x64.ActiveCfg = Release|x64
		{D482019D-8553-4955-BE57-7067C9BE0A84}.Release|x64.Build.0 = Release|x64
		{D482019D-8553-4955-BE57-7067C9BE0A84}.Release|x86.ActiveCfg = Release|Win32
		{D482019D-8553-4955-BE57-7067C9BE0A84}.Release|x86.Build.0 = Release|Win32
	EndGlobalSection
	GlobalSection(SolutionProperties) = preSolution
		HideSolutionNode = FALSE
	EndGlobalSection
	GlobalSection(ExtensibilityGlobals) = postSolution
		SolutionGuid = {2452BE2F-9826-4453-B586-BAFEE8A47BB0}
	EndGlobalSection
EndGlobal
