
Microsoft Visual Studio Solution File, Format Version 12.00
# Visual Studio 15
VisualStudioVersion = 15.0.28307.1022
MinimumVisualStudioVersion = 10.0.40219.1
Project("{8BC9CEB8-8B4A-11D0-8D11-00A0C91BC942}") = "P1629 邮递员送信", "P1629 邮递员送信\P1629 邮递员送信.vcxproj", "{9DFAB95F-9684-458D-8E70-B95B49885994}"
EndProject
Global
	GlobalSection(SolutionConfigurationPlatforms) = preSolution
		Debug|x64 = Debug|x64
		Debug|x86 = Debug|x86
		Release|x64 = Release|x64
		Release|x86 = Release|x86
	EndGlobalSection
	GlobalSection(ProjectConfigurationPlatforms) = postSolution
		{9DFAB95F-9684-458D-8E70-B95B49885994}.Debug|x64.ActiveCfg = Debug|x64
		{9DFAB95F-9684-458D-8E70-B95B49885994}.Debug|x64.Build.0 = Debug|x64
		{9DFAB95F-9684-458D-8E70-B95B49885994}.Debug|x86.ActiveCfg = Debug|Win32
		{9DFAB95F-9684-458D-8E70-B95B49885994}.Debug|x86.Build.0 = Debug|Win32
		{9DFAB95F-9684-458D-8E70-B95B49885994}.Release|x64.ActiveCfg = Release|x64
		{9DFAB95F-9684-458D-8E70-B95B49885994}.Release|x64.Build.0 = Release|x64
		{9DFAB95F-9684-458D-8E70-B95B49885994}.Release|x86.ActiveCfg = Release|Win32
		{9DFAB95F-9684-458D-8E70-B95B49885994}.Release|x86.Build.0 = Release|Win32
	EndGlobalSection
	GlobalSection(SolutionProperties) = preSolution
		HideSolutionNode = FALSE
	EndGlobalSection
	GlobalSection(ExtensibilityGlobals) = postSolution
		SolutionGuid = {D476D81F-4389-4EC3-AAAE-6291533C3CA5}
	EndGlobalSection
EndGlobal
