
Microsoft Visual Studio Solution File, Format Version 12.00
# Visual Studio 15
VisualStudioVersion = 15.0.28307.168
MinimumVisualStudioVersion = 10.0.40219.1
Project("{8BC9CEB8-8B4A-11D0-8D11-00A0C91BC942}") = "P1478 陶陶摘苹果（升级版）", "P1478 陶陶摘苹果（升级版）\P1478 陶陶摘苹果（升级版）.vcxproj", "{E4C6EAD0-D146-451B-9F2B-4419C7A4DCC4}"
EndProject
Global
	GlobalSection(SolutionConfigurationPlatforms) = preSolution
		Debug|x64 = Debug|x64
		Debug|x86 = Debug|x86
		Release|x64 = Release|x64
		Release|x86 = Release|x86
	EndGlobalSection
	GlobalSection(ProjectConfigurationPlatforms) = postSolution
		{E4C6EAD0-D146-451B-9F2B-4419C7A4DCC4}.Debug|x64.ActiveCfg = Debug|x64
		{E4C6EAD0-D146-451B-9F2B-4419C7A4DCC4}.Debug|x64.Build.0 = Debug|x64
		{E4C6EAD0-D146-451B-9F2B-4419C7A4DCC4}.Debug|x86.ActiveCfg = Debug|Win32
		{E4C6EAD0-D146-451B-9F2B-4419C7A4DCC4}.Debug|x86.Build.0 = Debug|Win32
		{E4C6EAD0-D146-451B-9F2B-4419C7A4DCC4}.Release|x64.ActiveCfg = Release|x64
		{E4C6EAD0-D146-451B-9F2B-4419C7A4DCC4}.Release|x64.Build.0 = Release|x64
		{E4C6EAD0-D146-451B-9F2B-4419C7A4DCC4}.Release|x86.ActiveCfg = Release|Win32
		{E4C6EAD0-D146-451B-9F2B-4419C7A4DCC4}.Release|x86.Build.0 = Release|Win32
	EndGlobalSection
	GlobalSection(SolutionProperties) = preSolution
		HideSolutionNode = FALSE
	EndGlobalSection
	GlobalSection(ExtensibilityGlobals) = postSolution
		SolutionGuid = {D32060CC-14F5-4200-9532-83F0B6B66102}
	EndGlobalSection
EndGlobal
