
Microsoft Visual Studio Solution File, Format Version 12.00
# Visual Studio 15
VisualStudioVersion = 15.0.28307.168
MinimumVisualStudioVersion = 10.0.40219.1
Project("{8BC9CEB8-8B4A-11D0-8D11-00A0C91BC942}") = "P2279 [HNOI2003消防局的设立", "P2279 [HNOI2003消防局的设立\P2279 [HNOI2003消防局的设立.vcxproj", "{8D2693E7-F15A-43D3-8F1A-89EEC26A6003}"
EndProject
Global
	GlobalSection(SolutionConfigurationPlatforms) = preSolution
		Debug|x64 = Debug|x64
		Debug|x86 = Debug|x86
		Release|x64 = Release|x64
		Release|x86 = Release|x86
	EndGlobalSection
	GlobalSection(ProjectConfigurationPlatforms) = postSolution
		{8D2693E7-F15A-43D3-8F1A-89EEC26A6003}.Debug|x64.ActiveCfg = Debug|x64
		{8D2693E7-F15A-43D3-8F1A-89EEC26A6003}.Debug|x64.Build.0 = Debug|x64
		{8D2693E7-F15A-43D3-8F1A-89EEC26A6003}.Debug|x86.ActiveCfg = Debug|Win32
		{8D2693E7-F15A-43D3-8F1A-89EEC26A6003}.Debug|x86.Build.0 = Debug|Win32
		{8D2693E7-F15A-43D3-8F1A-89EEC26A6003}.Release|x64.ActiveCfg = Release|x64
		{8D2693E7-F15A-43D3-8F1A-89EEC26A6003}.Release|x64.Build.0 = Release|x64
		{8D2693E7-F15A-43D3-8F1A-89EEC26A6003}.Release|x86.ActiveCfg = Release|Win32
		{8D2693E7-F15A-43D3-8F1A-89EEC26A6003}.Release|x86.Build.0 = Release|Win32
	EndGlobalSection
	GlobalSection(SolutionProperties) = preSolution
		HideSolutionNode = FALSE
	EndGlobalSection
	GlobalSection(ExtensibilityGlobals) = postSolution
		SolutionGuid = {5195FD3A-7FC3-4F7D-A472-F81E2EC36862}
	EndGlobalSection
EndGlobal
