
Microsoft Visual Studio Solution File, Format Version 12.00
# Visual Studio 15
VisualStudioVersion = 15.0.28307.168
MinimumVisualStudioVersion = 10.0.40219.1
Project("{8BC9CEB8-8B4A-11D0-8D11-00A0C91BC942}") = "P1603 斯诺登的密码", "P1603 斯诺登的密码\P1603 斯诺登的密码.vcxproj", "{62734B6C-256D-4033-9E5E-D3526FF93659}"
EndProject
Global
	GlobalSection(SolutionConfigurationPlatforms) = preSolution
		Debug|x64 = Debug|x64
		Debug|x86 = Debug|x86
		Release|x64 = Release|x64
		Release|x86 = Release|x86
	EndGlobalSection
	GlobalSection(ProjectConfigurationPlatforms) = postSolution
		{62734B6C-256D-4033-9E5E-D3526FF93659}.Debug|x64.ActiveCfg = Debug|x64
		{62734B6C-256D-4033-9E5E-D3526FF93659}.Debug|x64.Build.0 = Debug|x64
		{62734B6C-256D-4033-9E5E-D3526FF93659}.Debug|x86.ActiveCfg = Debug|Win32
		{62734B6C-256D-4033-9E5E-D3526FF93659}.Debug|x86.Build.0 = Debug|Win32
		{62734B6C-256D-4033-9E5E-D3526FF93659}.Release|x64.ActiveCfg = Release|x64
		{62734B6C-256D-4033-9E5E-D3526FF93659}.Release|x64.Build.0 = Release|x64
		{62734B6C-256D-4033-9E5E-D3526FF93659}.Release|x86.ActiveCfg = Release|Win32
		{62734B6C-256D-4033-9E5E-D3526FF93659}.Release|x86.Build.0 = Release|Win32
	EndGlobalSection
	GlobalSection(SolutionProperties) = preSolution
		HideSolutionNode = FALSE
	EndGlobalSection
	GlobalSection(ExtensibilityGlobals) = postSolution
		SolutionGuid = {F9477638-F5E8-47B2-8322-0A5FDF137B7F}
	EndGlobalSection
EndGlobal
