
Microsoft Visual Studio Solution File, Format Version 12.00
# Visual Studio 15
VisualStudioVersion = 15.0.28307.168
MinimumVisualStudioVersion = 10.0.40219.1
Project("{8BC9CEB8-8B4A-11D0-8D11-00A0C91BC942}") = "P3374 【模板】树状数组", "P3374 【模板】树状数组\P3374 【模板】树状数组.vcxproj", "{4E1207B4-08DC-4F20-A832-F14417B10347}"
EndProject
Global
	GlobalSection(SolutionConfigurationPlatforms) = preSolution
		Debug|x64 = Debug|x64
		Debug|x86 = Debug|x86
		Release|x64 = Release|x64
		Release|x86 = Release|x86
	EndGlobalSection
	GlobalSection(ProjectConfigurationPlatforms) = postSolution
		{4E1207B4-08DC-4F20-A832-F14417B10347}.Debug|x64.ActiveCfg = Debug|x64
		{4E1207B4-08DC-4F20-A832-F14417B10347}.Debug|x64.Build.0 = Debug|x64
		{4E1207B4-08DC-4F20-A832-F14417B10347}.Debug|x86.ActiveCfg = Debug|Win32
		{4E1207B4-08DC-4F20-A832-F14417B10347}.Debug|x86.Build.0 = Debug|Win32
		{4E1207B4-08DC-4F20-A832-F14417B10347}.Release|x64.ActiveCfg = Release|x64
		{4E1207B4-08DC-4F20-A832-F14417B10347}.Release|x64.Build.0 = Release|x64
		{4E1207B4-08DC-4F20-A832-F14417B10347}.Release|x86.ActiveCfg = Release|Win32
		{4E1207B4-08DC-4F20-A832-F14417B10347}.Release|x86.Build.0 = Release|Win32
	EndGlobalSection
	GlobalSection(SolutionProperties) = preSolution
		HideSolutionNode = FALSE
	EndGlobalSection
	GlobalSection(ExtensibilityGlobals) = postSolution
		SolutionGuid = {750BD21A-74C5-4E6B-BA82-E70A49658F9E}
	EndGlobalSection
EndGlobal
