
Microsoft Visual Studio Solution File, Format Version 12.00
# Visual Studio 15
VisualStudioVersion = 15.0.28307.1022
MinimumVisualStudioVersion = 10.0.40219.1
Project("{8BC9CEB8-8B4A-11D0-8D11-00A0C91BC942}") = "P1119 灾后重建", "P1119 灾后重建\P1119 灾后重建.vcxproj", "{67D79C4B-2637-48C9-AC91-52C581446233}"
EndProject
Global
	GlobalSection(SolutionConfigurationPlatforms) = preSolution
		Debug|x64 = Debug|x64
		Debug|x86 = Debug|x86
		Release|x64 = Release|x64
		Release|x86 = Release|x86
	EndGlobalSection
	GlobalSection(ProjectConfigurationPlatforms) = postSolution
		{67D79C4B-2637-48C9-AC91-52C581446233}.Debug|x64.ActiveCfg = Debug|x64
		{67D79C4B-2637-48C9-AC91-52C581446233}.Debug|x64.Build.0 = Debug|x64
		{67D79C4B-2637-48C9-AC91-52C581446233}.Debug|x86.ActiveCfg = Debug|Win32
		{67D79C4B-2637-48C9-AC91-52C581446233}.Debug|x86.Build.0 = Debug|Win32
		{67D79C4B-2637-48C9-AC91-52C581446233}.Release|x64.ActiveCfg = Release|x64
		{67D79C4B-2637-48C9-AC91-52C581446233}.Release|x64.Build.0 = Release|x64
		{67D79C4B-2637-48C9-AC91-52C581446233}.Release|x86.ActiveCfg = Release|Win32
		{67D79C4B-2637-48C9-AC91-52C581446233}.Release|x86.Build.0 = Release|Win32
	EndGlobalSection
	GlobalSection(SolutionProperties) = preSolution
		HideSolutionNode = FALSE
	EndGlobalSection
	GlobalSection(ExtensibilityGlobals) = postSolution
		SolutionGuid = {72CF82F3-AE37-4FF7-A768-3631F3996808}
	EndGlobalSection
EndGlobal
